PODS:
  - DJI-SDK-iOS (4.13.1)
  - DJI-UXSDK-iOS (4.13)
  - DJIWidget (1.6.4)

DEPENDENCIES:
  - DJI-SDK-iOS (~> 4.13)
  - DJI-UXSDK-iOS (~> 4.13)
  - DJIWidget (~> 1.6.3)

SPEC REPOS:
  trunk:
    - DJI-SDK-iOS
    - DJI-UXSDK-iOS
    - DJIWidget

SPEC CHECKSUMS:
  DJI-SDK-iOS: 8ec6e5e9199491339fed8021158bbf82d53751f3
  DJI-UXSDK-iOS: 7894cad9fc0864ab6ab8f12a42714e3db6e0e74c
  DJIWidget: ce26deb9fb78494d2189065f431b13a663181b5f

PODFILE CHECKSUM: 5d9ad8e3025054dec8d181ff41f20cb33f9ca0e1

COCOAPODS: 1.9.3
